
Microsoft Visual Studio Solution File, Format Version 12.00
# Visual Studio Version 16
VisualStudioVersion = 16.0.29025.244
MinimumVisualStudioVersion = 10.0.40219.1
Project("{FAE04EC0-301F-11D3-BF4B-00C04F79EFBC}") = "Zhanggy.Note", "Zhanggy.Note\Zhanggy.Note.csproj", "{30A93CCE-553E-40C2-AE7D-99252D71EB78}"
EndProject
Project("{FAE04EC0-301F-11D3-BF4B-00C04F79EFBC}") = "Zhanggy.Note.Test", "Zhanggy.Note.Test\Zhanggy.Note.Test.csproj", "{0B7F7F4E-0600-4F56-94E7-65DB09A2AA30}"
EndProject
Project("{FAE04EC0-301F-11D3-BF4B-00C04F79EFBC}") = "Zhanggy.Note.DesignMode", "Zhanggy.Note.DesignMode\Zhanggy.Note.DesignMode.csproj", "{A0EE4158-E968-4351-8079-113D2B8A7D49}"
EndProject
Project("{FAE04EC0-301F-11D3-BF4B-00C04F79EFBC}") = "Zhanggy.Note.DesignModeTests", "Zhanggy.Note.DesignModeTests\Zhanggy.Note.DesignModeTests.csproj", "{BDAE5C45-2BD9-44C5-9367-FDA2BFA1A28F}"
EndProject
Project("{FAE04EC0-301F-11D3-BF4B-00C04F79EFBC}") = "Zhanggy.Note.Common", "Zhanggy.Note.Common\Zhanggy.Note.Common.csproj", "{6244F691-2CD4-4467-9ADC-FD6FF22339E7}"
EndProject
Global
	GlobalSection(SolutionConfigurationPlatforms) = preSolution
		Debug|Any CPU = Debug|Any CPU
		Release|Any CPU = Release|Any CPU
	EndGlobalSection
	GlobalSection(ProjectConfigurationPlatforms) = postSolution
		{30A93CCE-553E-40C2-AE7D-99252D71EB78}.Debug|Any CPU.ActiveCfg = Debug|Any CPU
		{30A93CCE-553E-40C2-AE7D-99252D71EB78}.Debug|Any CPU.Build.0 = Debug|Any CPU
		{30A93CCE-553E-40C2-AE7D-99252D71EB78}.Release|Any CPU.ActiveCfg = Release|Any CPU
		{30A93CCE-553E-40C2-AE7D-99252D71EB78}.Release|Any CPU.Build.0 = Release|Any CPU
		{0B7F7F4E-0600-4F56-94E7-65DB09A2AA30}.Debug|Any CPU.ActiveCfg = Debug|Any CPU
		{0B7F7F4E-0600-4F56-94E7-65DB09A2AA30}.Debug|Any CPU.Build.0 = Debug|Any CPU
		{0B7F7F4E-0600-4F56-94E7-65DB09A2AA30}.Release|Any CPU.ActiveCfg = Release|Any CPU
		{0B7F7F4E-0600-4F56-94E7-65DB09A2AA30}.Release|Any CPU.Build.0 = Release|Any CPU
		{A0EE4158-E968-4351-8079-113D2B8A7D49}.Debug|Any CPU.ActiveCfg = Debug|Any CPU
		{A0EE4158-E968-4351-8079-113D2B8A7D49}.Debug|Any CPU.Build.0 = Debug|Any CPU
		{A0EE4158-E968-4351-8079-113D2B8A7D49}.Release|Any CPU.ActiveCfg = Release|Any CPU
		{A0EE4158-E968-4351-8079-113D2B8A7D49}.Release|Any CPU.Build.0 = Release|Any CPU
		{BDAE5C45-2BD9-44C5-9367-FDA2BFA1A28F}.Debug|Any CPU.ActiveCfg = Debug|Any CPU
		{BDAE5C45-2BD9-44C5-9367-FDA2BFA1A28F}.Debug|Any CPU.Build.0 = Debug|Any CPU
		{BDAE5C45-2BD9-44C5-9367-FDA2BFA1A28F}.Release|Any CPU.ActiveCfg = Release|Any CPU
		{BDAE5C45-2BD9-44C5-9367-FDA2BFA1A28F}.Release|Any CPU.Build.0 = Release|Any CPU
		{6244F691-2CD4-4467-9ADC-FD6FF22339E7}.Debug|Any CPU.ActiveCfg = Debug|Any CPU
		{6244F691-2CD4-4467-9ADC-FD6FF22339E7}.Debug|Any CPU.Build.0 = Debug|Any CPU
		{6244F691-2CD4-4467-9ADC-FD6FF22339E7}.Release|Any CPU.ActiveCfg = Release|Any CPU
		{6244F691-2CD4-4467-9ADC-FD6FF22339E7}.Release|Any CPU.Build.0 = Release|Any CPU
	EndGlobalSection
	GlobalSection(SolutionProperties) = preSolution
		HideSolutionNode = FALSE
	EndGlobalSection
	GlobalSection(ExtensibilityGlobals) = postSolution
		SolutionGuid = {62CD2D4C-0843-47E5-9D61-6A87F52FE0D0}
	EndGlobalSection
EndGlobal
