
Microsoft Visual Studio Solution File, Format Version 12.00
# Visual Studio 15
VisualStudioVersion = 15.0.27428.2043
MinimumVisualStudioVersion = 10.0.40219.1
Project("{FAE04EC0-301F-11D3-BF4B-00C04F79EFBC}") = "Zhanggy.Note", "Zhanggy.Note\Zhanggy.Note.csproj", "{30A93CCE-553E-40C2-AE7D-99252D71EB78}"
EndProject
Project("{FAE04EC0-301F-11D3-BF4B-00C04F79EFBC}") = "Zhanggy.Note.Test", "Zhanggy.Note.Test\Zhanggy.Note.Test.csproj", "{0B7F7F4E-0600-4F56-94E7-65DB09A2AA30}"
EndProject
Global
	GlobalSection(SolutionConfigurationPlatforms) = preSolution
		Debug|Any CPU = Debug|Any CPU
		Release|Any CPU = Release|Any CPU
	EndGlobalSection
	GlobalSection(ProjectConfigurationPlatforms) = postSolution
		{30A93CCE-553E-40C2-AE7D-99252D71EB78}.Debug|Any CPU.ActiveCfg = Debug|Any CPU
		{30A93CCE-553E-40C2-AE7D-99252D71EB78}.Debug|Any CPU.Build.0 = Debug|Any CPU
		{30A93CCE-553E-40C2-AE7D-99252D71EB78}.Release|Any CPU.ActiveCfg = Release|Any CPU
		{30A93CCE-553E-40C2-AE7D-99252D71EB78}.Release|Any CPU.Build.0 = Release|Any CPU
		{0B7F7F4E-0600-4F56-94E7-65DB09A2AA30}.Debug|Any CPU.ActiveCfg = Debug|Any CPU
		{0B7F7F4E-0600-4F56-94E7-65DB09A2AA30}.Debug|Any CPU.Build.0 = Debug|Any CPU
		{0B7F7F4E-0600-4F56-94E7-65DB09A2AA30}.Release|Any CPU.ActiveCfg = Release|Any CPU
		{0B7F7F4E-0600-4F56-94E7-65DB09A2AA30}.Release|Any CPU.Build.0 = Release|Any CPU
	EndGlobalSection
	GlobalSection(SolutionProperties) = preSolution
		HideSolutionNode = FALSE
	EndGlobalSection
	GlobalSection(ExtensibilityGlobals) = postSolution
		SolutionGuid = {62CD2D4C-0843-47E5-9D61-6A87F52FE0D0}
	EndGlobalSection
EndGlobal
